// !$*UTF8*$!
{
	archiveVersion = 1;
	classes = {
	};
	objectVersion = 56;
	objects = {

/* Begin PBXBuildFile section */
		AA000001 /* AppDelegate.swift in Sources */ = {isa = PBXBuildFile; fileRef = BB000001 /* AppDelegate.swift */; };
		AA000002 /* SceneDelegate.swift in Sources */ = {isa = PBXBuildFile; fileRef = BB000002 /* SceneDelegate.swift */; };
		AA000003 /* CameraManager.swift in Sources */ = {isa = PBXBuildFile; fileRef = BB000003 /* CameraManager.swift */; };
		AA000004 /* DownsamplerProtocol.swift in Sources */ = {isa = PBXBuildFile; fileRef = BB000004 /* DownsamplerProtocol.swift */; };
		AA000005 /* VImageDownsampler.swift in Sources */ = {isa = PBXBuildFile; fileRef = BB000005 /* VImageDownsampler.swift */; };
		AA000006 /* CGContextDownsampler.swift in Sources */ = {isa = PBXBuildFile; fileRef = BB000006 /* CGContextDownsampler.swift */; };
		AA000007 /* MetalDownsampler.swift in Sources */ = {isa = PBXBuildFile; fileRef = BB000007 /* MetalDownsampler.swift */; };
		AA000008 /* MPSDownsampler.swift in Sources */ = {isa = PBXBuildFile; fileRef = BB000008 /* MPSDownsampler.swift */; };
		AA000009 /* Downsampling.metal in Sources */ = {isa = PBXBuildFile; fileRef = BB000009 /* Downsampling.metal */; };
		AA000010 /* BenchmarkEngine.swift in Sources */ = {isa = PBXBuildFile; fileRef = BB000010 /* BenchmarkEngine.swift */; };
		AA000011 /* BenchmarkResult.swift in Sources */ = {isa = PBXBuildFile; fileRef = BB000011 /* BenchmarkResult.swift */; };
		AA000012 /* ComparisonViewController.swift in Sources */ = {isa = PBXBuildFile; fileRef = BB000012 /* ComparisonViewController.swift */; };
		AA000013 /* DashboardViewController.swift in Sources */ = {isa = PBXBuildFile; fileRef = BB000013 /* DashboardViewController.swift */; };
		AA000014 /* SettingsViewController.swift in Sources */ = {isa = PBXBuildFile; fileRef = BB000014 /* SettingsViewController.swift */; };
		AA000015 /* MetricsOverlayView.swift in Sources */ = {isa = PBXBuildFile; fileRef = BB000015 /* MetricsOverlayView.swift */; };
		AA000016 /* LineChartView.swift in Sources */ = {isa = PBXBuildFile; fileRef = BB000016 /* LineChartView.swift */; };
		AA000017 /* Assets.xcassets in Resources */ = {isa = PBXBuildFile; fileRef = BB000017 /* Assets.xcassets */; };
		AA000018 /* UIGraphicsDownsampler.swift in Sources */ = {isa = PBXBuildFile; fileRef = BB000021 /* UIGraphicsDownsampler.swift */; };
		AA000019 /* CoreImageDownsampler.swift in Sources */ = {isa = PBXBuildFile; fileRef = BB000022 /* CoreImageDownsampler.swift */; };
/* End PBXBuildFile section */

/* Begin PBXFileReference section */
		BB000001 /* AppDelegate.swift */ = {isa = PBXFileReference; lastKnownFileType = sourcecode.swift; path = AppDelegate.swift; sourceTree = "<group>"; };
		BB000002 /* SceneDelegate.swift */ = {isa = PBXFileReference; lastKnownFileType = sourcecode.swift; path = SceneDelegate.swift; sourceTree = "<group>"; };
		BB000003 /* CameraManager.swift */ = {isa = PBXFileReference; lastKnownFileType = sourcecode.swift; path = CameraManager.swift; sourceTree = "<group>"; };
		BB000004 /* DownsamplerProtocol.swift */ = {isa = PBXFileReference; lastKnownFileType = sourcecode.swift; path = DownsamplerProtocol.swift; sourceTree = "<group>"; };
		BB000005 /* VImageDownsampler.swift */ = {isa = PBXFileReference; lastKnownFileType = sourcecode.swift; path = VImageDownsampler.swift; sourceTree = "<group>"; };
		BB000006 /* CGContextDownsampler.swift */ = {isa = PBXFileReference; lastKnownFileType = sourcecode.swift; path = CGContextDownsampler.swift; sourceTree = "<group>"; };
		BB000007 /* MetalDownsampler.swift */ = {isa = PBXFileReference; lastKnownFileType = sourcecode.swift; path = MetalDownsampler.swift; sourceTree = "<group>"; };
		BB000008 /* MPSDownsampler.swift */ = {isa = PBXFileReference; lastKnownFileType = sourcecode.swift; path = MPSDownsampler.swift; sourceTree = "<group>"; };
		BB000009 /* Downsampling.metal */ = {isa = PBXFileReference; lastKnownFileType = sourcecode.metal; path = Downsampling.metal; sourceTree = "<group>"; };
		BB000010 /* BenchmarkEngine.swift */ = {isa = PBXFileReference; lastKnownFileType = sourcecode.swift; path = BenchmarkEngine.swift; sourceTree = "<group>"; };
		BB000011 /* BenchmarkResult.swift */ = {isa = PBXFileReference; lastKnownFileType = sourcecode.swift; path = BenchmarkResult.swift; sourceTree = "<group>"; };
		BB000012 /* ComparisonViewController.swift */ = {isa = PBXFileReference; lastKnownFileType = sourcecode.swift; path = ComparisonViewController.swift; sourceTree = "<group>"; };
		BB000013 /* DashboardViewController.swift */ = {isa = PBXFileReference; lastKnownFileType = sourcecode.swift; path = DashboardViewController.swift; sourceTree = "<group>"; };
		BB000014 /* SettingsViewController.swift */ = {isa = PBXFileReference; lastKnownFileType = sourcecode.swift; path = SettingsViewController.swift; sourceTree = "<group>"; };
		BB000015 /* MetricsOverlayView.swift */ = {isa = PBXFileReference; lastKnownFileType = sourcecode.swift; path = MetricsOverlayView.swift; sourceTree = "<group>"; };
		BB000016 /* LineChartView.swift */ = {isa = PBXFileReference; lastKnownFileType = sourcecode.swift; path = LineChartView.swift; sourceTree = "<group>"; };
		BB000017 /* Assets.xcassets */ = {isa = PBXFileReference; lastKnownFileType = folder.assetcatalog; path = Assets.xcassets; sourceTree = "<group>"; };
		BB000018 /* Info.plist */ = {isa = PBXFileReference; lastKnownFileType = text.plist.xml; path = Info.plist; sourceTree = "<group>"; };
		BB000020 /* DownsamplingBenchmark.app */ = {isa = PBXFileReference; explicitFileType = wrapper.application; includeInIndex = 0; path = DownsamplingBenchmark.app; sourceTree = BUILT_PRODUCTS_DIR; };
		BB000021 /* UIGraphicsDownsampler.swift */ = {isa = PBXFileReference; lastKnownFileType = sourcecode.swift; path = UIGraphicsDownsampler.swift; sourceTree = "<group>"; };
		BB000022 /* CoreImageDownsampler.swift */ = {isa = PBXFileReference; lastKnownFileType = sourcecode.swift; path = CoreImageDownsampler.swift; sourceTree = "<group>"; };
/* End PBXFileReference section */

/* Begin PBXFrameworksBuildPhase section */
		EE000002 /* Frameworks */ = {
			isa = PBXFrameworksBuildPhase;
			buildActionMask = 2147483647;
			files = (
			);
			runOnlyForDeploymentPostprocessing = 0;
		};
/* End PBXFrameworksBuildPhase section */

/* Begin PBXGroup section */
		DD000001 = {
			isa = PBXGroup;
			children = (
				DD000002 /* DownsamplingBenchmark */,
				DD000010 /* Products */,
			);
			sourceTree = "<group>";
		};
		DD000002 /* DownsamplingBenchmark */ = {
			isa = PBXGroup;
			children = (
				BB000001 /* AppDelegate.swift */,
				BB000002 /* SceneDelegate.swift */,
				DD000003 /* Camera */,
				DD000004 /* Downsampling */,
				DD000007 /* Benchmark */,
				DD000008 /* ViewControllers */,
				DD000009 /* Views */,
				BB000017 /* Assets.xcassets */,
				BB000018 /* Info.plist */,
			);
			path = DownsamplingBenchmark;
			sourceTree = "<group>";
		};
		DD000003 /* Camera */ = {
			isa = PBXGroup;
			children = (
				BB000003 /* CameraManager.swift */,
			);
			path = Camera;
			sourceTree = "<group>";
		};
		DD000004 /* Downsampling */ = {
			isa = PBXGroup;
			children = (
				BB000004 /* DownsamplerProtocol.swift */,
				DD000005 /* CPU */,
				DD000006 /* GPU */,
			);
			path = Downsampling;
			sourceTree = "<group>";
		};
		DD000005 /* CPU */ = {
			isa = PBXGroup;
			children = (
				BB000005 /* VImageDownsampler.swift */,
				BB000006 /* CGContextDownsampler.swift */,
				BB000021 /* UIGraphicsDownsampler.swift */,
			);
			path = CPU;
			sourceTree = "<group>";
		};
		DD000006 /* GPU */ = {
			isa = PBXGroup;
			children = (
				BB000007 /* MetalDownsampler.swift */,
				BB000008 /* MPSDownsampler.swift */,
				BB000022 /* CoreImageDownsampler.swift */,
				BB000009 /* Downsampling.metal */,
			);
			path = GPU;
			sourceTree = "<group>";
		};
		DD000007 /* Benchmark */ = {
			isa = PBXGroup;
			children = (
				BB000010 /* BenchmarkEngine.swift */,
				BB000011 /* BenchmarkResult.swift */,
			);
			path = Benchmark;
			sourceTree = "<group>";
		};
		DD000008 /* ViewControllers */ = {
			isa = PBXGroup;
			children = (
				BB000012 /* ComparisonViewController.swift */,
				BB000013 /* DashboardViewController.swift */,
				BB000014 /* SettingsViewController.swift */,
			);
			path = ViewControllers;
			sourceTree = "<group>";
		};
		DD000009 /* Views */ = {
			isa = PBXGroup;
			children = (
				BB000015 /* MetricsOverlayView.swift */,
				BB000016 /* LineChartView.swift */,
			);
			path = Views;
			sourceTree = "<group>";
		};
		DD000010 /* Products */ = {
			isa = PBXGroup;
			children = (
				BB000020 /* DownsamplingBenchmark.app */,
			);
			name = Products;
			sourceTree = "<group>";
		};
/* End PBXGroup section */

/* Begin PBXNativeTarget section */
		CC000001 /* DownsamplingBenchmark */ = {
			isa = PBXNativeTarget;
			buildConfigurationList = FF000003 /* Build configuration list for PBXNativeTarget "DownsamplingBenchmark" */;
			buildPhases = (
				EE000001 /* Sources */,
				EE000002 /* Frameworks */,
				EE000003 /* Resources */,
			);
			buildRules = (
			);
			dependencies = (
			);
			name = DownsamplingBenchmark;
			productName = DownsamplingBenchmark;
			productReference = BB000020 /* DownsamplingBenchmark.app */;
			productType = "com.apple.product-type.application";
		};
/* End PBXNativeTarget section */

/* Begin PBXProject section */
		CC000002 /* Project object */ = {
			isa = PBXProject;
			attributes = {
				BuildIndependentTargetsInParallel = 1;
				LastSwiftUpdateCheck = 1600;
				LastUpgradeCheck = 1600;
				TargetAttributes = {
					CC000001 = {
						CreatedOnToolsVersion = 16.0;
					};
				};
			};
			buildConfigurationList = FF000001 /* Build configuration list for PBXProject "DownsamplingBenchmark" */;
			compatibilityVersion = "Xcode 14.0";
			developmentRegion = en;
			hasScannedForEncodings = 0;
			knownRegions = (
				en,
				Base,
			);
			mainGroup = DD000001;
			productRefGroup = DD000010 /* Products */;
			projectDirPath = "";
			projectRoot = "";
			targets = (
				CC000001 /* DownsamplingBenchmark */,
			);
		};
/* End PBXProject section */

/* Begin PBXResourcesBuildPhase section */
		EE000003 /* Resources */ = {
			isa = PBXResourcesBuildPhase;
			buildActionMask = 2147483647;
			files = (
				AA000017 /* Assets.xcassets in Resources */,
			);
			runOnlyForDeploymentPostprocessing = 0;
		};
/* End PBXResourcesBuildPhase section */

/* Begin PBXSourcesBuildPhase section */
		EE000001 /* Sources */ = {
			isa = PBXSourcesBuildPhase;
			buildActionMask = 2147483647;
			files = (
				AA000001 /* AppDelegate.swift in Sources */,
				AA000002 /* SceneDelegate.swift in Sources */,
				AA000003 /* CameraManager.swift in Sources */,
				AA000004 /* DownsamplerProtocol.swift in Sources */,
				AA000005 /* VImageDownsampler.swift in Sources */,
				AA000006 /* CGContextDownsampler.swift in Sources */,
				AA000007 /* MetalDownsampler.swift in Sources */,
				AA000008 /* MPSDownsampler.swift in Sources */,
				AA000009 /* Downsampling.metal in Sources */,
				AA000010 /* BenchmarkEngine.swift in Sources */,
				AA000011 /* BenchmarkResult.swift in Sources */,
				AA000012 /* ComparisonViewController.swift in Sources */,
				AA000013 /* DashboardViewController.swift in Sources */,
				AA000014 /* SettingsViewController.swift in Sources */,
				AA000015 /* MetricsOverlayView.swift in Sources */,
				AA000016 /* LineChartView.swift in Sources */,
				AA000018 /* UIGraphicsDownsampler.swift in Sources */,
				AA000019 /* CoreImageDownsampler.swift in Sources */,
			);
			runOnlyForDeploymentPostprocessing = 0;
		};
/* End PBXSourcesBuildPhase section */

/* Begin XCBuildConfiguration section */
		FF000011 /* Debug */ = {
			isa = XCBuildConfiguration;
			buildSettings = {
				ALWAYS_SEARCH_USER_PATHS = NO;
				ASSETCATALOG_COMPILER_GENERATE_SWIFT_ASSET_SYMBOL_EXTENSIONS = YES;
				CLANG_ANALYZER_NONNULL = YES;
				CLANG_CXX_LANGUAGE_STANDARD = "gnu++20";
				CLANG_ENABLE_MODULES = YES;
				CLANG_ENABLE_OBJC_ARC = YES;
				COPY_PHASE_STRIP = NO;
				DEBUG_INFORMATION_FORMAT = dwarf;
				ENABLE_STRICT_OBJC_MSGSEND = YES;
				ENABLE_TESTABILITY = YES;
				GCC_DYNAMIC_NO_PIC = NO;
				GCC_OPTIMIZATION_LEVEL = 0;
				GCC_PREPROCESSOR_DEFINITIONS = (
					"DEBUG=1",
					"$(inherited)",
				);
				GCC_WARN_ABOUT_RETURN_TYPE = YES_ERROR;
				GCC_WARN_UNINITIALIZED_AUTOS = YES_AGGRESSIVE;
				IPHONEOS_DEPLOYMENT_TARGET = 17.0;
				MTL_ENABLE_DEBUG_INFO = INCLUDE_SOURCE;
				MTL_FAST_MATH = YES;
				ONLY_ACTIVE_ARCH = YES;
				SDKROOT = iphoneos;
				SWIFT_ACTIVE_COMPILATION_CONDITIONS = "$(inherited) DEBUG";
				SWIFT_OPTIMIZATION_LEVEL = "-Onone";
			};
			name = Debug;
		};
		FF000012 /* Release */ = {
			isa = XCBuildConfiguration;
			buildSettings = {
				ALWAYS_SEARCH_USER_PATHS = NO;
				ASSETCATALOG_COMPILER_GENERATE_SWIFT_ASSET_SYMBOL_EXTENSIONS = YES;
				CLANG_ANALYZER_NONNULL = YES;
				CLANG_CXX_LANGUAGE_STANDARD = "gnu++20";
				CLANG_ENABLE_MODULES = YES;
				CLANG_ENABLE_OBJC_ARC = YES;
				COPY_PHASE_STRIP = NO;
				DEBUG_INFORMATION_FORMAT = "dwarf-with-dsym";
				ENABLE_NS_ASSERTIONS = NO;
				ENABLE_STRICT_OBJC_MSGSEND = YES;
				GCC_WARN_ABOUT_RETURN_TYPE = YES_ERROR;
				GCC_WARN_UNINITIALIZED_AUTOS = YES_AGGRESSIVE;
				IPHONEOS_DEPLOYMENT_TARGET = 17.0;
				MTL_ENABLE_DEBUG_INFO = NO;
				MTL_FAST_MATH = YES;
				SDKROOT = iphoneos;
				SWIFT_COMPILATION_MODE = wholemodule;
				VALIDATE_PRODUCT = YES;
			};
			name = Release;
		};
		FF000021 /* Debug */ = {
			isa = XCBuildConfiguration;
			buildSettings = {
				ASSETCATALOG_COMPILER_APPICON_NAME = AppIcon;
				ASSETCATALOG_COMPILER_GLOBAL_ACCENT_COLOR_NAME = AccentColor;
				CODE_SIGN_STYLE = Automatic;
				CURRENT_PROJECT_VERSION = 1;
				DEVELOPMENT_TEAM = SF48M77QDN;
				GENERATE_INFOPLIST_FILE = YES;
				INFOPLIST_FILE = DownsamplingBenchmark/Info.plist;
				INFOPLIST_KEY_NSCameraUsageDescription = "需要访问摄像头以进行实时 Downsampling 性能对比测试";
				INFOPLIST_KEY_UIApplicationSupportsIndirectInputEvents = YES;
				INFOPLIST_KEY_UILaunchScreen_Generation = YES;
				INFOPLIST_KEY_UISupportedInterfaceOrientations = UIInterfaceOrientationPortrait;
				LD_RUNPATH_SEARCH_PATHS = (
					"$(inherited)",
					"@executable_path/Frameworks",
				);
				MARKETING_VERSION = 1.0;
				PRODUCT_BUNDLE_IDENTIFIER = com.sulangxuan.DownsamplingBenchmark;
				PRODUCT_NAME = "$(TARGET_NAME)";
				SWIFT_EMIT_LOC_STRINGS = YES;
				SWIFT_VERSION = 5.0;
				TARGETED_DEVICE_FAMILY = "1,2";
			};
			name = Debug;
		};
		FF000022 /* Release */ = {
			isa = XCBuildConfiguration;
			buildSettings = {
				ASSETCATALOG_COMPILER_APPICON_NAME = AppIcon;
				ASSETCATALOG_COMPILER_GLOBAL_ACCENT_COLOR_NAME = AccentColor;
				CODE_SIGN_STYLE = Automatic;
				CURRENT_PROJECT_VERSION = 1;
				DEVELOPMENT_TEAM = SF48M77QDN;
				GENERATE_INFOPLIST_FILE = YES;
				INFOPLIST_FILE = DownsamplingBenchmark/Info.plist;
				INFOPLIST_KEY_NSCameraUsageDescription = "需要访问摄像头以进行实时 Downsampling 性能对比测试";
				INFOPLIST_KEY_UIApplicationSupportsIndirectInputEvents = YES;
				INFOPLIST_KEY_UILaunchScreen_Generation = YES;
				INFOPLIST_KEY_UISupportedInterfaceOrientations = UIInterfaceOrientationPortrait;
				LD_RUNPATH_SEARCH_PATHS = (
					"$(inherited)",
					"@executable_path/Frameworks",
				);
				MARKETING_VERSION = 1.0;
				PRODUCT_BUNDLE_IDENTIFIER = com.sulangxuan.DownsamplingBenchmark;
				PRODUCT_NAME = "$(TARGET_NAME)";
				SWIFT_EMIT_LOC_STRINGS = YES;
				SWIFT_VERSION = 5.0;
				TARGETED_DEVICE_FAMILY = "1,2";
			};
			name = Release;
		};
/* End XCBuildConfiguration section */

/* Begin XCConfigurationList section */
		FF000001 /* Build configuration list for PBXProject "DownsamplingBenchmark" */ = {
			isa = XCConfigurationList;
			buildConfigurations = (
				FF000011 /* Debug */,
				FF000012 /* Release */,
			);
			defaultConfigurationIsVisible = 0;
			defaultConfigurationName = Release;
		};
		FF000003 /* Build configuration list for PBXNativeTarget "DownsamplingBenchmark" */ = {
			isa = XCConfigurationList;
			buildConfigurations = (
				FF000021 /* Debug */,
				FF000022 /* Release */,
			);
			defaultConfigurationIsVisible = 0;
			defaultConfigurationName = Release;
		};
/* End XCConfigurationList section */
	};
	rootObject = CC000002 /* Project object */;
}
